// !$*UTF8*$!
{
	archiveVersion = 1;
	classes = {
	};
	objectVersion = 50;
	objects = {

/* Begin PBXBuildFile section */
		7D7DC0CF257DEF52003C21FF /* AppDelegate.swift in Sources */ = {isa = PBXBuildFile; fileRef = 7D7DC0CE257DEF52003C21FF /* AppDelegate.swift */; };
		7D7DC0D1257DEF52003C21FF /* SceneDelegate.swift in Sources */ = {isa = PBXBuildFile; fileRef = 7D7DC0D0257DEF52003C21FF /* SceneDelegate.swift */; };
		7D7DC0D3257DEF52003C21FF /* ViewController.swift in Sources */ = {isa = PBXBuildFile; fileRef = 7D7DC0D2257DEF52003C21FF /* ViewController.swift */; };
		7D7DC0D6257DEF52003C21FF /* Main.storyboard in Resources */ = {isa = PBXBuildFile; fileRef = 7D7DC0D4257DEF52003C21FF /* Main.storyboard */; };
		7D7DC0D8257DEF53003C21FF /* Assets.xcassets in Resources */ = {isa = PBXBuildFile; fileRef = 7D7DC0D7257DEF53003C21FF /* Assets.xcassets */; };
		7D7DC0DB257DEF53003C21FF /* LaunchScreen.storyboard in Resources */ = {isa = PBXBuildFile; fileRef = 7D7DC0D9257DEF53003C21FF /* LaunchScreen.storyboard */; };
/* End PBXBuildFile section */

/* Begin PBXFileReference section */
		7D7DC0CB257DEF52003C21FF /* TheGram.app */ = {isa = PBXFileReference; explicitFileType = wrapper.application; includeInIndex = 0; path = TheGram.app; sourceTree = BUILT_PRODUCTS_DIR; };
		7D7DC0CE257DEF52003C21FF /* AppDelegate.swift */ = {isa = PBXFileReference; lastKnownFileType = sourcecode.swift; path = AppDelegate.swift; sourceTree = "<group>"; };
		7D7DC0D0257DEF52003C21FF /* SceneDelegate.swift */ = {isa = PBXFileReference; lastKnownFileType = sourcecode.swift; path = SceneDelegate.swift; sourceTree = "<group>"; };
		7D7DC0D2257DEF52003C21FF /* ViewController.swift */ = {isa = PBXFileReference; lastKnownFileType = sourcecode.swift; path = ViewController.swift; sourceTree = "<group>"; };
		7D7DC0D5257DEF52003C21FF /* Base */ = {isa = PBXFileReference; lastKnownFileType = file.storyboard; name = Base; path = Base.lproj/Main.storyboard; sourceTree = "<group>"; };
		7D7DC0D7257DEF53003C21FF /* Assets.xcassets */ = {isa = PBXFileReference; lastKnownFileType = folder.assetcatalog; path = Assets.xcassets; sourceTree = "<group>"; };
		7D7DC0DA257DEF53003C21FF /* Base */ = {isa = PBXFileReference; lastKnownFileType = file.storyboard; name = Base; path = Base.lproj/LaunchScreen.storyboard; sourceTree = "<group>"; };
		7D7DC0DC257DEF53003C21FF /* Info.plist */ = {isa = PBXFileReference; lastKnownFileType = text.plist.xml; path = Info.plist; sourceTree = "<group>"; };
/* End PBXFileReference section */

/* Begin PBXFrameworksBuildPhase section */
		7D7DC0C8257DEF52003C21FF /* Frameworks */ = {
			isa = PBXFrameworksBuildPhase;
			buildActionMask = 2147483647;
			files = (
			);
			runOnlyForDeploymentPostprocessing = 0;
		};
/* End PBXFrameworksBuildPhase section */

/* Begin PBXGroup section */
		7D7DC0C2257DEF52003C21FF = {
			isa = PBXGroup;
			children = (
				7D7DC0CD257DEF52003C21FF /* TheGram */,
				7D7DC0CC257DEF52003C21FF /* Products */,
			);
			sourceTree = "<group>";
		};
		7D7DC0CC257DEF52003C21FF /* Products */ = {
			isa = PBXGroup;
			children = (
				7D7DC0CB257DEF52003C21FF /* TheGram.app */,
			);
			name = Products;
			sourceTree = "<group>";
		};
		7D7DC0CD257DEF52003C21FF /* TheGram */ = {
			isa = PBXGroup;
			children = (
				7D7DC0CE257DEF52003C21FF /* AppDelegate.swift */,
				7D7DC0D0257DEF52003C21FF /* SceneDelegate.swift */,
				7D7DC0D2257DEF52003C21FF /* ViewController.swift */,
				7D7DC0D4257DEF52003C21FF /* Main.storyboard */,
				7D7DC0D7257DEF53003C21FF /* Assets.xcassets */,
				7D7DC0D9257DEF53003C21FF /* LaunchScreen.storyboard */,
				7D7DC0DC257DEF53003C21FF /* Info.plist */,
			);
			path = TheGram;
			sourceTree = "<group>";
		};
/* End PBXGroup section */

/* Begin PBXNativeTarget section */
		7D7DC0CA257DEF52003C21FF /* TheGram */ = {
			isa = PBXNativeTarget;
			buildConfigurationList = 7D7DC0DF257DEF53003C21FF /* Build configuration list for PBXNativeTarget "TheGram" */;
			buildPhases = (
				7D7DC0C7257DEF52003C21FF /* Sources */,
				7D7DC0C8257DEF52003C21FF /* Frameworks */,
				7D7DC0C9257DEF52003C21FF /* Resources */,
			);
			buildRules = (
			);
			dependencies = (
			);
			name = TheGram;
			productName = TheGram;
			productReference = 7D7DC0CB257DEF52003C21FF /* TheGram.app */;
			productType = "com.apple.product-type.application";
		};
/* End PBXNativeTarget section */

/* Begin PBXProject section */
		7D7DC0C3257DEF52003C21FF /* Project object */ = {
			isa = PBXProject;
			attributes = {
				LastSwiftUpdateCheck = 1220;
				LastUpgradeCheck = 1220;
				TargetAttributes = {
					7D7DC0CA257DEF52003C21FF = {
						CreatedOnToolsVersion = 12.2;
					};
				};
			};
			buildConfigurationList = 7D7DC0C6257DEF52003C21FF /* Build configuration list for PBXProject "TheGram" */;
			compatibilityVersion = "Xcode 9.3";
			developmentRegion = en;
			hasScannedForEncodings = 0;
			knownRegions = (
				en,
				Base,
			);
			mainGroup = 7D7DC0C2257DEF52003C21FF;
			productRefGroup = 7D7DC0CC257DEF52003C21FF /* Products */;
			projectDirPath = "";
			projectRoot = "";
			targets = (
				7D7DC0CA257DEF52003C21FF /* TheGram */,
			);
		};
/* End PBXProject section */

/* Begin PBXResourcesBuildPhase section */
		7D7DC0C9257DEF52003C21FF /* Resources */ = {
			isa = PBXResourcesBuildPhase;
			buildActionMask = 2147483647;
			files = (
				7D7DC0DB257DEF53003C21FF /* LaunchScreen.storyboard in Resources */,
				7D7DC0D8257DEF53003C21FF /* Assets.xcassets in Resources */,
				7D7DC0D6257DEF52003C21FF /* Main.storyboard in Resources */,
			);
			runOnlyForDeploymentPostprocessing = 0;
		};
/* End PBXResourcesBuildPhase section */

/* Begin PBXSourcesBuildPhase section */
		7D7DC0C7257DEF52003C21FF /* Sources */ = {
			isa = PBXSourcesBuildPhase;
			buildActionMask = 2147483647;
			files = (
				7D7DC0D3257DEF52003C21FF /* ViewController.swift in Sources */,
				7D7DC0CF257DEF52003C21FF /* AppDelegate.swift in Sources */,
				7D7DC0D1257DEF52003C21FF /* SceneDelegate.swift in Sources */,
			);
			runOnlyForDeploymentPostprocessing = 0;
		};
/* End PBXSourcesBuildPhase section */

/* Begin PBXVariantGroup section */
		7D7DC0D4257DEF52003C21FF /* Main.storyboard */ = {
			isa = PBXVariantGroup;
			children = (
				7D7DC0D5257DEF52003C21FF /* Base */,
			);
			name = Main.storyboard;
			sourceTree = "<group>";
		};
		7D7DC0D9257DEF53003C21FF /* LaunchScreen.storyboard */ = {
			isa = PBXVariantGroup;
			children = (
				7D7DC0DA257DEF53003C21FF /* Base */,
			);
			name = LaunchScreen.storyboard;
			sourceTree = "<group>";
		};
/* End PBXVariantGroup section */

/* Begin XCBuildConfiguration section */
		7D7DC0DD257DEF53003C21FF /* Debug */ = {
			isa = XCBuildConfiguration;
			buildSettings = {
				ALWAYS_SEARCH_USER_PATHS = NO;
				CLANG_ANALYZER_NONNULL = YES;
				CLANG_ANALYZER_NUMBER_OBJECT_CONVERSION = YES_AGGRESSIVE;
				CLANG_CXX_LANGUAGE_STANDARD = "gnu++14";
				CLANG_CXX_LIBRARY = "libc++";
				CLANG_ENABLE_MODULES = YES;
				CLANG_ENABLE_OBJC_ARC = YES;
				CLANG_ENABLE_OBJC_WEAK = YES;
				CLANG_WARN_BLOCK_CAPTURE_AUTORELEASING = YES;
				CLANG_WARN_BOOL_CONVERSION = YES;
				CLANG_WARN_COMMA = YES;
				CLANG_WARN_CONSTANT_CONVERSION = YES;
				CLANG_WARN_DEPRECATED_OBJC_IMPLEMENTATIONS = YES;
				CLANG_WARN_DIRECT_OBJC_ISA_USAGE = YES_ERROR;
				CLANG_WARN_DOCUMENTATION_COMMENTS = YES;
				CLANG_WARN_EMPTY_BODY = YES;
				CLANG_WARN_ENUM_CONVERSION = YES;
				CLANG_WARN_INFINITE_RECURSION = YES;
				CLANG_WARN_INT_CONVERSION = YES;
				CLANG_WARN_NON_LITERAL_NULL_CONVERSION = YES;
				CLANG_WARN_OBJC_IMPLICIT_RETAIN_SELF = YES;
				CLANG_WARN_OBJC_LITERAL_CONVERSION = YES;
				CLANG_WARN_OBJC_ROOT_CLASS = YES_ERROR;
				CLANG_WARN_QUOTED_INCLUDE_IN_FRAMEWORK_HEADER = YES;
				CLANG_WARN_RANGE_LOOP_ANALYSIS = YES;
				CLANG_WARN_STRICT_PROTOTYPES = YES;
				CLANG_WARN_SUSPICIOUS_MOVE = YES;
				CLANG_WARN_UNGUARDED_AVAILABILITY = YES_AGGRESSIVE;
				CLANG_WARN_UNREACHABLE_CODE = YES;
				CLANG_WARN__DUPLICATE_METHOD_MATCH = YES;
				COPY_PHASE_STRIP = NO;
				DEBUG_INFORMATION_FORMAT = dwarf;
				ENABLE_STRICT_OBJC_MSGSEND = YES;
				ENABLE_TESTABILITY = YES;
				GCC_C_LANGUAGE_STANDARD = gnu11;
				GCC_DYNAMIC_NO_PIC = NO;
				GCC_NO_COMMON_BLOCKS = YES;
				GCC_OPTIMIZATION_LEVEL = 0;
				GCC_PREPROCESSOR_DEFINITIONS = (
					"DEBUG=1",
					"$(inherited)",
				);
				GCC_WARN_64_TO_32_BIT_CONVERSION = YES;
				GCC_WARN_ABOUT_RETURN_TYPE = YES_ERROR;
				GCC_WARN_UNDECLARED_SELECTOR = YES;
				GCC_WARN_UNINITIALIZED_AUTOS = YES_AGGRESSIVE;
				GCC_WARN_UNUSED_FUNCTION = YES;
				GCC_WARN_UNUSED_VARIABLE = YES;
				IPHONEOS_DEPLOYMENT_TARGET = 14.2;
				MTL_ENABLE_DEBUG_INFO = INCLUDE_SOURCE;
				MTL_FAST_MATH = YES;
				ONLY_ACTIVE_ARCH = YES;
				SDKROOT = iphoneos;
				SWIFT_ACTIVE_COMPILATION_CONDITIONS = DEBUG;
				SWIFT_OPTIMIZATION_LEVEL = "-Onone";
			};
			name = Debug;
		};
		7D7DC0DE257DEF53003C21FF /* Release */ = {
			isa = XCBuildConfiguration;
			buildSettings = {
				ALWAYS_SEARCH_USER_PATHS = NO;
				CLANG_ANALYZER_NONNULL = YES;
				CLANG_ANALYZER_NUMBER_OBJECT_CONVERSION = YES_AGGRESSIVE;
				CLANG_CXX_LANGUAGE_STANDARD = "gnu++14";
				CLANG_CXX_LIBRARY = "libc++";
				CLANG_ENABLE_MODULES = YES;
				CLANG_ENABLE_OBJC_ARC = YES;
				CLANG_ENABLE_OBJC_WEAK = YES;
				CLANG_WARN_BLOCK_CAPTURE_AUTORELEASING = YES;
				CLANG_WARN_BOOL_CONVERSION = YES;
				CLANG_WARN_COMMA = YES;
				CLANG_WARN_CONSTANT_CONVERSION = YES;
				CLANG_WARN_DEPRECATED_OBJC_IMPLEMENTATIONS = YES;
				CLANG_WARN_DIRECT_OBJC_ISA_USAGE = YES_ERROR;
				CLANG_WARN_DOCUMENTATION_COMMENTS = YES;
				CLANG_WARN_EMPTY_BODY = YES;
				CLANG_WARN_ENUM_CONVERSION = YES;
				CLANG_WARN_INFINITE_RECURSION = YES;
				CLANG_WARN_INT_CONVERSION = YES;
				CLANG_WARN_NON_LITERAL_NULL_CONVERSION = YES;
				CLANG_WARN_OBJC_IMPLICIT_RETAIN_SELF = YES;
				CLANG_WARN_OBJC_LITERAL_CONVERSION = YES;
				CLANG_WARN_OBJC_ROOT_CLASS = YES_ERROR;
				CLANG_WARN_QUOTED_INCLUDE_IN_FRAMEWORK_HEADER = YES;
				CLANG_WARN_RANGE_LOOP_ANALYSIS = YES;
				CLANG_WARN_STRICT_PROTOTYPES = YES;
				CLANG_WARN_SUSPICIOUS_MOVE = YES;
				CLANG_WARN_UNGUARDED_AVAILABILITY = YES_AGGRESSIVE;
				CLANG_WARN_UNREACHABLE_CODE = YES;
				CLANG_WARN__DUPLICATE_METHOD_MATCH = YES;
				COPY_PHASE_STRIP = NO;
				DEBUG_INFORMATION_FORMAT = "dwarf-with-dsym";
				ENABLE_NS_ASSERTIONS = NO;
				ENABLE_STRICT_OBJC_MSGSEND = YES;
				GCC_C_LANGUAGE_STANDARD = gnu11;
				GCC_NO_COMMON_BLOCKS = YES;
				GCC_WARN_64_TO_32_BIT_CONVERSION = YES;
				GCC_WARN_ABOUT_RETURN_TYPE = YES_ERROR;
				GCC_WARN_UNDECLARED_SELECTOR = YES;
				GCC_WARN_UNINITIALIZED_AUTOS = YES_AGGRESSIVE;
				GCC_WARN_UNUSED_FUNCTION = YES;
				GCC_WARN_UNUSED_VARIABLE = YES;
				IPHONEOS_DEPLOYMENT_TARGET = 14.2;
				MTL_ENABLE_DEBUG_INFO = NO;
				MTL_FAST_MATH = YES;
				SDKROOT = iphoneos;
				SWIFT_COMPILATION_MODE = wholemodule;
				SWIFT_OPTIMIZATION_LEVEL = "-O";
				VALIDATE_PRODUCT = YES;
			};
			name = Release;
		};
		7D7DC0E0257DEF53003C21FF /* Debug */ = {
			isa = XCBuildConfiguration;
			buildSettings = {
				ASSETCATALOG_COMPILER_APPICON_NAME = AppIcon;
				ASSETCATALOG_COMPILER_GLOBAL_ACCENT_COLOR_NAME = AccentColor;
				CODE_SIGN_STYLE = Automatic;
				DEVELOPMENT_TEAM = JH6HFBQXT6;
				INFOPLIST_FILE = TheGram/Info.plist;
				LD_RUNPATH_SEARCH_PATHS = (
					"$(inherited)",
					"@executable_path/Frameworks",
				);
				PRODUCT_BUNDLE_IDENTIFIER = kr.miiiiin.TheGram;
				PRODUCT_NAME = "$(TARGET_NAME)";
				SWIFT_VERSION = 5.0;
				TARGETED_DEVICE_FAMILY = "1,2";
			};
			name = Debug;
		};
		7D7DC0E1257DEF53003C21FF /* Release */ = {
			isa = XCBuildConfiguration;
			buildSettings = {
				ASSETCATALOG_COMPILER_APPICON_NAME = AppIcon;
				ASSETCATALOG_COMPILER_GLOBAL_ACCENT_COLOR_NAME = AccentColor;
				CODE_SIGN_STYLE = Automatic;
				DEVELOPMENT_TEAM = JH6HFBQXT6;
				INFOPLIST_FILE = TheGram/Info.plist;
				LD_RUNPATH_SEARCH_PATHS = (
					"$(inherited)",
					"@executable_path/Frameworks",
				);
				PRODUCT_BUNDLE_IDENTIFIER = kr.miiiiin.TheGram;
				PRODUCT_NAME = "$(TARGET_NAME)";
				SWIFT_VERSION = 5.0;
				TARGETED_DEVICE_FAMILY = "1,2";
			};
			name = Release;
		};
/* End XCBuildConfiguration section */

/* Begin XCConfigurationList section */
		7D7DC0C6257DEF52003C21FF /* Build configuration list for PBXProject "TheGram" */ = {
			isa = XCConfigurationList;
			buildConfigurations = (
				7D7DC0DD257DEF53003C21FF /* Debug */,
				7D7DC0DE257DEF53003C21FF /* Release */,
			);
			defaultConfigurationIsVisible = 0;
			defaultConfigurationName = Release;
		};
		7D7DC0DF257DEF53003C21FF /* Build configuration list for PBXNativeTarget "TheGram" */ = {
			isa = XCConfigurationList;
			buildConfigurations = (
				7D7DC0E0257DEF53003C21FF /* Debug */,
				7D7DC0E1257DEF53003C21FF /* Release */,
			);
			defaultConfigurationIsVisible = 0;
			defaultConfigurationName = Release;
		};
/* End XCConfigurationList section */
	};
	rootObject = 7D7DC0C3257DEF52003C21FF /* Project object */;
}
